
Microsoft Visual Studio Solution File, Format Version 12.00
# Visual Studio Version 16
VisualStudioVersion = 16.0.29025.244
MinimumVisualStudioVersion = 10.0.40219.1
Project("{FAE04EC0-301F-11D3-BF4B-00C04F79EFBC}") = "CtrlEspetos", "CtrlEspetos.csproj", "{26FCEB1D-5E0B-4CEA-88B6-7C71DC49AB02}"
EndProject
Global
	GlobalSection(SolutionConfigurationPlatforms) = preSolution
		Debug|Any CPU = Debug|Any CPU
		Release|Any CPU = Release|Any CPU
	EndGlobalSection
	GlobalSection(ProjectConfigurationPlatforms) = postSolution
		{26FCEB1D-5E0B-4CEA-88B6-7C71DC49AB02}.Debug|Any CPU.ActiveCfg = Debug|Any CPU
		{26FCEB1D-5E0B-4CEA-88B6-7C71DC49AB02}.Debug|Any CPU.Build.0 = Debug|Any CPU
		{26FCEB1D-5E0B-4CEA-88B6-7C71DC49AB02}.Release|Any CPU.ActiveCfg = Release|Any CPU
		{26FCEB1D-5E0B-4CEA-88B6-7C71DC49AB02}.Release|Any CPU.Build.0 = Release|Any CPU
	EndGlobalSection
	GlobalSection(SolutionProperties) = preSolution
		HideSolutionNode = FALSE
	EndGlobalSection
	GlobalSection(ExtensibilityGlobals) = postSolution
		SolutionGuid = {4497BC62-9E04-4D71-AB9D-BD1E8EADF46B}
	EndGlobalSection
EndGlobal
